// !$*UTF8*$!
{
	archiveVersion = 1;
	classes = {
	};
	objectVersion = 46;
	objects = {

/* Begin PBXBuildFile section */
		6CA5A6B113810F5A00CD7EEF /* TemplateManager.m in Sources */ = {isa = PBXBuildFile; fileRef = 6CA5A6B013810F5A00CD7EEF /* TemplateManager.m */; };
		6CB628511381840100DE5AFB /* new-box.png in Resources */ = {isa = PBXBuildFile; fileRef = 6CB6284E1381840100DE5AFB /* new-box.png */; };
		6CB628521381840100DE5AFB /* new-box@2x.png in Resources */ = {isa = PBXBuildFile; fileRef = 6CB6284F1381840100DE5AFB /* new-box@2x.png */; };
		6CB628531381840100DE5AFB /* shadow.png in Resources */ = {isa = PBXBuildFile; fileRef = 6CB628501381840100DE5AFB /* shadow.png */; };
		6CC8C092137C02D10076A042 /* UIKit.framework in Frameworks */ = {isa = PBXBuildFile; fileRef = 6CC8C091137C02D10076A042 /* UIKit.framework */; };
		6CC8C094137C02D10076A042 /* Foundation.framework in Frameworks */ = {isa = PBXBuildFile; fileRef = 6CC8C093137C02D10076A042 /* Foundation.framework */; };
		6CC8C096137C02D10076A042 /* CoreGraphics.framework in Frameworks */ = {isa = PBXBuildFile; fileRef = 6CC8C095137C02D10076A042 /* CoreGraphics.framework */; };
		6CC8C09C137C02D10076A042 /* InfoPlist.strings in Resources */ = {isa = PBXBuildFile; fileRef = 6CC8C09A137C02D10076A042 /* InfoPlist.strings */; };
		6CC8C09F137C02D10076A042 /* main.m in Sources */ = {isa = PBXBuildFile; fileRef = 6CC8C09E137C02D10076A042 /* main.m */; };
		6CC8C0A2137C02D10076A042 /* HandwritingAppDelegate.m in Sources */ = {isa = PBXBuildFile; fileRef = 6CC8C0A1137C02D10076A042 /* HandwritingAppDelegate.m */; };
		6CC8C0A5137C02D10076A042 /* MainWindow.xib in Resources */ = {isa = PBXBuildFile; fileRef = 6CC8C0A3137C02D10076A042 /* MainWindow.xib */; };
		6CC8C0B5137C02F30076A042 /* PathView.m in Sources */ = {isa = PBXBuildFile; fileRef = 6CC8C0B4137C02F30076A042 /* PathView.m */; };
		6CC8C0CF137C08880076A042 /* MainViewController.m in Sources */ = {isa = PBXBuildFile; fileRef = 6CC8C0CD137C08880076A042 /* MainViewController.m */; };
		6CC8C0D0137C08880076A042 /* MainViewController.xib in Resources */ = {isa = PBXBuildFile; fileRef = 6CC8C0CE137C08880076A042 /* MainViewController.xib */; };
		6CC8C0DC137C101F0076A042 /* icon-large.png in Resources */ = {isa = PBXBuildFile; fileRef = 6CC8C0D9137C101F0076A042 /* icon-large.png */; };
		6CC8C0DD137C101F0076A042 /* icon.png in Resources */ = {isa = PBXBuildFile; fileRef = 6CC8C0DA137C101F0076A042 /* icon.png */; };
		6CC8C0DE137C101F0076A042 /* icon@2x.png in Resources */ = {isa = PBXBuildFile; fileRef = 6CC8C0DB137C101F0076A042 /* icon@2x.png */; };
		6CC8C0E9137C497E0076A042 /* Line.m in Sources */ = {isa = PBXBuildFile; fileRef = 6CC8C0E8137C497E0076A042 /* Line.m */; };
		6CC8C0EC137C498E0076A042 /* LineSegment.m in Sources */ = {isa = PBXBuildFile; fileRef = 6CC8C0EB137C498E0076A042 /* LineSegment.m */; };
		6CD9ED71137FE7AC00D75015 /* box-selected.png in Resources */ = {isa = PBXBuildFile; fileRef = 6CD9ED6D137FE7AC00D75015 /* box-selected.png */; };
		6CD9ED72137FE7AC00D75015 /* box-selected@2x.png in Resources */ = {isa = PBXBuildFile; fileRef = 6CD9ED6E137FE7AC00D75015 /* box-selected@2x.png */; };
		6CD9ED73137FE7AC00D75015 /* box.png in Resources */ = {isa = PBXBuildFile; fileRef = 6CD9ED6F137FE7AC00D75015 /* box.png */; };
		6CD9ED74137FE7AC00D75015 /* box@2x.png in Resources */ = {isa = PBXBuildFile; fileRef = 6CD9ED70137FE7AC00D75015 /* box@2x.png */; };
		6CD9ED78137FEA3B00D75015 /* BoxView.m in Sources */ = {isa = PBXBuildFile; fileRef = 6CD9ED77137FEA3B00D75015 /* BoxView.m */; };
/* End PBXBuildFile section */

/* Begin PBXFileReference section */
		6CA5A6AF13810F5A00CD7EEF /* TemplateManager.h */ = {isa = PBXFileReference; fileEncoding = 4; lastKnownFileType = sourcecode.c.h; path = TemplateManager.h; sourceTree = "<group>"; };
		6CA5A6B013810F5A00CD7EEF /* TemplateManager.m */ = {isa = PBXFileReference; fileEncoding = 4; lastKnownFileType = sourcecode.c.objc; path = TemplateManager.m; sourceTree = "<group>"; };
		6CB6284E1381840100DE5AFB /* new-box.png */ = {isa = PBXFileReference; lastKnownFileType = image.png; name = "new-box.png"; path = "Images/new-box.png"; sourceTree = "<group>"; };
		6CB6284F1381840100DE5AFB /* new-box@2x.png */ = {isa = PBXFileReference; lastKnownFileType = image.png; name = "new-box@2x.png"; path = "Images/new-box@2x.png"; sourceTree = "<group>"; };
		6CB628501381840100DE5AFB /* shadow.png */ = {isa = PBXFileReference; lastKnownFileType = image.png; name = shadow.png; path = Images/shadow.png; sourceTree = "<group>"; };
		6CC8C08D137C02D10076A042 /* Handwriting.app */ = {isa = PBXFileReference; explicitFileType = wrapper.application; includeInIndex = 0; path = Handwriting.app; sourceTree = BUILT_PRODUCTS_DIR; };
		6CC8C091137C02D10076A042 /* UIKit.framework */ = {isa = PBXFileReference; lastKnownFileType = wrapper.framework; name = UIKit.framework; path = System/Library/Frameworks/UIKit.framework; sourceTree = SDKROOT; };
		6CC8C093137C02D10076A042 /* Foundation.framework */ = {isa = PBXFileReference; lastKnownFileType = wrapper.framework; name = Foundation.framework; path = System/Library/Frameworks/Foundation.framework; sourceTree = SDKROOT; };
		6CC8C095137C02D10076A042 /* CoreGraphics.framework */ = {isa = PBXFileReference; lastKnownFileType = wrapper.framework; name = CoreGraphics.framework; path = System/Library/Frameworks/CoreGraphics.framework; sourceTree = SDKROOT; };
		6CC8C099137C02D10076A042 /* Handwriting-Info.plist */ = {isa = PBXFileReference; lastKnownFileType = text.plist.xml; path = "Handwriting-Info.plist"; sourceTree = "<group>"; };
		6CC8C09B137C02D10076A042 /* en */ = {isa = PBXFileReference; lastKnownFileType = text.plist.strings; name = en; path = en.lproj/InfoPlist.strings; sourceTree = "<group>"; };
		6CC8C09D137C02D10076A042 /* Handwriting-Prefix.pch */ = {isa = PBXFileReference; lastKnownFileType = sourcecode.c.h; path = "Handwriting-Prefix.pch"; sourceTree = "<group>"; };
		6CC8C09E137C02D10076A042 /* main.m */ = {isa = PBXFileReference; lastKnownFileType = sourcecode.c.objc; path = main.m; sourceTree = "<group>"; };
		6CC8C0A0137C02D10076A042 /* HandwritingAppDelegate.h */ = {isa = PBXFileReference; lastKnownFileType = sourcecode.c.h; path = HandwritingAppDelegate.h; sourceTree = "<group>"; };
		6CC8C0A1137C02D10076A042 /* HandwritingAppDelegate.m */ = {isa = PBXFileReference; lastKnownFileType = sourcecode.c.objc; path = HandwritingAppDelegate.m; sourceTree = "<group>"; };
		6CC8C0A4137C02D10076A042 /* en */ = {isa = PBXFileReference; lastKnownFileType = file.xib; name = en; path = en.lproj/MainWindow.xib; sourceTree = "<group>"; };
		6CC8C0B3137C02F30076A042 /* PathView.h */ = {isa = PBXFileReference; fileEncoding = 4; lastKnownFileType = sourcecode.c.h; path = PathView.h; sourceTree = "<group>"; };
		6CC8C0B4137C02F30076A042 /* PathView.m */ = {isa = PBXFileReference; fileEncoding = 4; lastKnownFileType = sourcecode.c.objc; path = PathView.m; sourceTree = "<group>"; };
		6CC8C0CC137C08880076A042 /* MainViewController.h */ = {isa = PBXFileReference; fileEncoding = 4; lastKnownFileType = sourcecode.c.h; path = MainViewController.h; sourceTree = "<group>"; };
		6CC8C0CD137C08880076A042 /* MainViewController.m */ = {isa = PBXFileReference; fileEncoding = 4; lastKnownFileType = sourcecode.c.objc; path = MainViewController.m; sourceTree = "<group>"; };
		6CC8C0CE137C08880076A042 /* MainViewController.xib */ = {isa = PBXFileReference; fileEncoding = 4; lastKnownFileType = file.xib; path = MainViewController.xib; sourceTree = "<group>"; };
		6CC8C0D9137C101F0076A042 /* icon-large.png */ = {isa = PBXFileReference; lastKnownFileType = image.png; path = "icon-large.png"; sourceTree = "<group>"; };
		6CC8C0DA137C101F0076A042 /* icon.png */ = {isa = PBXFileReference; lastKnownFileType = image.png; path = icon.png; sourceTree = "<group>"; };
		6CC8C0DB137C101F0076A042 /* icon@2x.png */ = {isa = PBXFileReference; lastKnownFileType = image.png; path = "icon@2x.png"; sourceTree = "<group>"; };
		6CC8C0E7137C497E0076A042 /* Line.h */ = {isa = PBXFileReference; fileEncoding = 4; lastKnownFileType = sourcecode.c.h; path = Line.h; sourceTree = "<group>"; };
		6CC8C0E8137C497E0076A042 /* Line.m */ = {isa = PBXFileReference; fileEncoding = 4; lastKnownFileType = sourcecode.c.objc; path = Line.m; sourceTree = "<group>"; };
		6CC8C0EA137C498D0076A042 /* LineSegment.h */ = {isa = PBXFileReference; fileEncoding = 4; lastKnownFileType = sourcecode.c.h; path = LineSegment.h; sourceTree = "<group>"; };
		6CC8C0EB137C498E0076A042 /* LineSegment.m */ = {isa = PBXFileReference; fileEncoding = 4; lastKnownFileType = sourcecode.c.objc; path = LineSegment.m; sourceTree = "<group>"; };
		6CD9ED6D137FE7AC00D75015 /* box-selected.png */ = {isa = PBXFileReference; lastKnownFileType = image.png; name = "box-selected.png"; path = "Images/box-selected.png"; sourceTree = "<group>"; };
		6CD9ED6E137FE7AC00D75015 /* box-selected@2x.png */ = {isa = PBXFileReference; lastKnownFileType = image.png; name = "box-selected@2x.png"; path = "Images/box-selected@2x.png"; sourceTree = "<group>"; };
		6CD9ED6F137FE7AC00D75015 /* box.png */ = {isa = PBXFileReference; lastKnownFileType = image.png; name = box.png; path = Images/box.png; sourceTree = "<group>"; };
		6CD9ED70137FE7AC00D75015 /* box@2x.png */ = {isa = PBXFileReference; lastKnownFileType = image.png; name = "box@2x.png"; path = "Images/box@2x.png"; sourceTree = "<group>"; };
		6CD9ED76137FEA3B00D75015 /* BoxView.h */ = {isa = PBXFileReference; fileEncoding = 4; lastKnownFileType = sourcecode.c.h; path = BoxView.h; sourceTree = "<group>"; };
		6CD9ED77137FEA3B00D75015 /* BoxView.m */ = {isa = PBXFileReference; fileEncoding = 4; lastKnownFileType = sourcecode.c.objc; path = BoxView.m; sourceTree = "<group>"; };
/* End PBXFileReference section */

/* Begin PBXFrameworksBuildPhase section */
		6CC8C08A137C02D10076A042 /* Frameworks */ = {
			isa = PBXFrameworksBuildPhase;
			buildActionMask = 2147483647;
			files = (
				6CC8C092137C02D10076A042 /* UIKit.framework in Frameworks */,
				6CC8C094137C02D10076A042 /* Foundation.framework in Frameworks */,
				6CC8C096137C02D10076A042 /* CoreGraphics.framework in Frameworks */,
			);
			runOnlyForDeploymentPostprocessing = 0;
		};
/* End PBXFrameworksBuildPhase section */

/* Begin PBXGroup section */
		6CC8C082137C02D00076A042 = {
			isa = PBXGroup;
			children = (
				6CC8C097137C02D10076A042 /* Handwriting */,
				6CC8C090137C02D10076A042 /* Frameworks */,
				6CC8C08E137C02D10076A042 /* Products */,
			);
			sourceTree = "<group>";
		};
		6CC8C08E137C02D10076A042 /* Products */ = {
			isa = PBXGroup;
			children = (
				6CC8C08D137C02D10076A042 /* Handwriting.app */,
			);
			name = Products;
			sourceTree = "<group>";
		};
		6CC8C090137C02D10076A042 /* Frameworks */ = {
			isa = PBXGroup;
			children = (
				6CC8C091137C02D10076A042 /* UIKit.framework */,
				6CC8C093137C02D10076A042 /* Foundation.framework */,
				6CC8C095137C02D10076A042 /* CoreGraphics.framework */,
			);
			name = Frameworks;
			sourceTree = "<group>";
		};
		6CC8C097137C02D10076A042 /* Handwriting */ = {
			isa = PBXGroup;
			children = (
				6CC8C0B9137C044A0076A042 /* Images */,
				6CC8C0B8137C04490076A042 /* Model */,
				6CC8C0B7137C04470076A042 /* View */,
				6CC8C0B6137C04420076A042 /* Controller */,
				6CC8C0A0137C02D10076A042 /* HandwritingAppDelegate.h */,
				6CC8C0A1137C02D10076A042 /* HandwritingAppDelegate.m */,
				6CC8C0A3137C02D10076A042 /* MainWindow.xib */,
				6CC8C098137C02D10076A042 /* Supporting Files */,
			);
			path = Handwriting;
			sourceTree = "<group>";
		};
		6CC8C098137C02D10076A042 /* Supporting Files */ = {
			isa = PBXGroup;
			children = (
				6CC8C099137C02D10076A042 /* Handwriting-Info.plist */,
				6CC8C09A137C02D10076A042 /* InfoPlist.strings */,
				6CC8C09D137C02D10076A042 /* Handwriting-Prefix.pch */,
				6CC8C09E137C02D10076A042 /* main.m */,
			);
			name = "Supporting Files";
			sourceTree = "<group>";
		};
		6CC8C0B6137C04420076A042 /* Controller */ = {
			isa = PBXGroup;
			children = (
				6CC8C0CC137C08880076A042 /* MainViewController.h */,
				6CC8C0CD137C08880076A042 /* MainViewController.m */,
				6CC8C0CE137C08880076A042 /* MainViewController.xib */,
			);
			name = Controller;
			sourceTree = "<group>";
		};
		6CC8C0B7137C04470076A042 /* View */ = {
			isa = PBXGroup;
			children = (
				6CC8C0B3137C02F30076A042 /* PathView.h */,
				6CC8C0B4137C02F30076A042 /* PathView.m */,
				6CD9ED76137FEA3B00D75015 /* BoxView.h */,
				6CD9ED77137FEA3B00D75015 /* BoxView.m */,
			);
			name = View;
			sourceTree = "<group>";
		};
		6CC8C0B8137C04490076A042 /* Model */ = {
			isa = PBXGroup;
			children = (
				6CC8C0E7137C497E0076A042 /* Line.h */,
				6CC8C0E8137C497E0076A042 /* Line.m */,
				6CC8C0EA137C498D0076A042 /* LineSegment.h */,
				6CC8C0EB137C498E0076A042 /* LineSegment.m */,
				6CA5A6AF13810F5A00CD7EEF /* TemplateManager.h */,
				6CA5A6B013810F5A00CD7EEF /* TemplateManager.m */,
			);
			name = Model;
			sourceTree = "<group>";
		};
		6CC8C0B9137C044A0076A042 /* Images */ = {
			isa = PBXGroup;
			children = (
				6CB6284E1381840100DE5AFB /* new-box.png */,
				6CB6284F1381840100DE5AFB /* new-box@2x.png */,
				6CB628501381840100DE5AFB /* shadow.png */,
				6CD9ED6D137FE7AC00D75015 /* box-selected.png */,
				6CD9ED6E137FE7AC00D75015 /* box-selected@2x.png */,
				6CD9ED6F137FE7AC00D75015 /* box.png */,
				6CD9ED70137FE7AC00D75015 /* box@2x.png */,
				6CC8C0D9137C101F0076A042 /* icon-large.png */,
				6CC8C0DA137C101F0076A042 /* icon.png */,
				6CC8C0DB137C101F0076A042 /* icon@2x.png */,
			);
			name = Images;
			sourceTree = "<group>";
		};
/* End PBXGroup section */

/* Begin PBXNativeTarget section */
		6CC8C08C137C02D10076A042 /* Handwriting */ = {
			isa = PBXNativeTarget;
			buildConfigurationList = 6CC8C0A8137C02D10076A042 /* Build configuration list for PBXNativeTarget "Handwriting" */;
			buildPhases = (
				6CC8C089137C02D10076A042 /* Sources */,
				6CC8C08A137C02D10076A042 /* Frameworks */,
				6CC8C08B137C02D10076A042 /* Resources */,
			);
			buildRules = (
			);
			dependencies = (
			);
			name = Handwriting;
			productName = Handwriting;
			productReference = 6CC8C08D137C02D10076A042 /* Handwriting.app */;
			productType = "com.apple.product-type.application";
		};
/* End PBXNativeTarget section */

/* Begin PBXProject section */
		6CC8C084137C02D00076A042 /* Project object */ = {
			isa = PBXProject;
			attributes = {
				ORGANIZATIONNAME = "JoopleBerry Inc.";
			};
			buildConfigurationList = 6CC8C087137C02D00076A042 /* Build configuration list for PBXProject "Handwriting" */;
			compatibilityVersion = "Xcode 3.2";
			developmentRegion = English;
			hasScannedForEncodings = 0;
			knownRegions = (
				en,
			);
			mainGroup = 6CC8C082137C02D00076A042;
			productRefGroup = 6CC8C08E137C02D10076A042 /* Products */;
			projectDirPath = "";
			projectRoot = "";
			targets = (
				6CC8C08C137C02D10076A042 /* Handwriting */,
			);
		};
/* End PBXProject section */

/* Begin PBXResourcesBuildPhase section */
		6CC8C08B137C02D10076A042 /* Resources */ = {
			isa = PBXResourcesBuildPhase;
			buildActionMask = 2147483647;
			files = (
				6CC8C09C137C02D10076A042 /* InfoPlist.strings in Resources */,
				6CC8C0A5137C02D10076A042 /* MainWindow.xib in Resources */,
				6CC8C0D0137C08880076A042 /* MainViewController.xib in Resources */,
				6CC8C0DC137C101F0076A042 /* icon-large.png in Resources */,
				6CC8C0DD137C101F0076A042 /* icon.png in Resources */,
				6CC8C0DE137C101F0076A042 /* icon@2x.png in Resources */,
				6CD9ED71137FE7AC00D75015 /* box-selected.png in Resources */,
				6CD9ED72137FE7AC00D75015 /* box-selected@2x.png in Resources */,
				6CD9ED73137FE7AC00D75015 /* box.png in Resources */,
				6CD9ED74137FE7AC00D75015 /* box@2x.png in Resources */,
				6CB628511381840100DE5AFB /* new-box.png in Resources */,
				6CB628521381840100DE5AFB /* new-box@2x.png in Resources */,
				6CB628531381840100DE5AFB /* shadow.png in Resources */,
			);
			runOnlyForDeploymentPostprocessing = 0;
		};
/* End PBXResourcesBuildPhase section */

/* Begin PBXSourcesBuildPhase section */
		6CC8C089137C02D10076A042 /* Sources */ = {
			isa = PBXSourcesBuildPhase;
			buildActionMask = 2147483647;
			files = (
				6CC8C09F137C02D10076A042 /* main.m in Sources */,
				6CC8C0A2137C02D10076A042 /* HandwritingAppDelegate.m in Sources */,
				6CC8C0B5137C02F30076A042 /* PathView.m in Sources */,
				6CC8C0CF137C08880076A042 /* MainViewController.m in Sources */,
				6CC8C0E9137C497E0076A042 /* Line.m in Sources */,
				6CC8C0EC137C498E0076A042 /* LineSegment.m in Sources */,
				6CD9ED78137FEA3B00D75015 /* BoxView.m in Sources */,
				6CA5A6B113810F5A00CD7EEF /* TemplateManager.m in Sources */,
			);
			runOnlyForDeploymentPostprocessing = 0;
		};
/* End PBXSourcesBuildPhase section */

/* Begin PBXVariantGroup section */
		6CC8C09A137C02D10076A042 /* InfoPlist.strings */ = {
			isa = PBXVariantGroup;
			children = (
				6CC8C09B137C02D10076A042 /* en */,
			);
			name = InfoPlist.strings;
			sourceTree = "<group>";
		};
		6CC8C0A3137C02D10076A042 /* MainWindow.xib */ = {
			isa = PBXVariantGroup;
			children = (
				6CC8C0A4137C02D10076A042 /* en */,
			);
			name = MainWindow.xib;
			sourceTree = "<group>";
		};
/* End PBXVariantGroup section */

/* Begin XCBuildConfiguration section */
		6CC8C0A6137C02D10076A042 /* Debug */ = {
			isa = XCBuildConfiguration;
			buildSettings = {
				ARCHS = "$(ARCHS_STANDARD_32_BIT)";
				"CODE_SIGN_IDENTITY[sdk=iphoneos*]" = "iPhone Developer";
				GCC_C_LANGUAGE_STANDARD = gnu99;
				GCC_OPTIMIZATION_LEVEL = 0;
				GCC_PREPROCESSOR_DEFINITIONS = DEBUG;
				GCC_SYMBOLS_PRIVATE_EXTERN = NO;
				GCC_VERSION = com.apple.compilers.llvmgcc42;
				GCC_WARN_ABOUT_RETURN_TYPE = YES;
				GCC_WARN_UNUSED_VARIABLE = YES;
				IPHONEOS_DEPLOYMENT_TARGET = 4.3;
				SDKROOT = iphoneos;
			};
			name = Debug;
		};
		6CC8C0A7137C02D10076A042 /* Release */ = {
			isa = XCBuildConfiguration;
			buildSettings = {
				ARCHS = "$(ARCHS_STANDARD_32_BIT)";
				"CODE_SIGN_IDENTITY[sdk=iphoneos*]" = "iPhone Developer";
				GCC_C_LANGUAGE_STANDARD = gnu99;
				GCC_VERSION = com.apple.compilers.llvmgcc42;
				GCC_WARN_ABOUT_RETURN_TYPE = YES;
				GCC_WARN_UNUSED_VARIABLE = YES;
				IPHONEOS_DEPLOYMENT_TARGET = 4.3;
				OTHER_CFLAGS = "-DNS_BLOCK_ASSERTIONS=1";
				SDKROOT = iphoneos;
			};
			name = Release;
		};
		6CC8C0A9137C02D10076A042 /* Debug */ = {
			isa = XCBuildConfiguration;
			buildSettings = {
				ALWAYS_SEARCH_USER_PATHS = NO;
				COPY_PHASE_STRIP = NO;
				GCC_DYNAMIC_NO_PIC = NO;
				GCC_PRECOMPILE_PREFIX_HEADER = YES;
				GCC_PREFIX_HEADER = "Handwriting/Handwriting-Prefix.pch";
				INFOPLIST_FILE = "Handwriting/Handwriting-Info.plist";
				PRODUCT_NAME = "$(TARGET_NAME)";
				WRAPPER_EXTENSION = app;
			};
			name = Debug;
		};
		6CC8C0AA137C02D10076A042 /* Release */ = {
			isa = XCBuildConfiguration;
			buildSettings = {
				ALWAYS_SEARCH_USER_PATHS = NO;
				COPY_PHASE_STRIP = YES;
				GCC_PRECOMPILE_PREFIX_HEADER = YES;
				GCC_PREFIX_HEADER = "Handwriting/Handwriting-Prefix.pch";
				INFOPLIST_FILE = "Handwriting/Handwriting-Info.plist";
				PRODUCT_NAME = "$(TARGET_NAME)";
				VALIDATE_PRODUCT = YES;
				WRAPPER_EXTENSION = app;
			};
			name = Release;
		};
/* End XCBuildConfiguration section */

/* Begin XCConfigurationList section */
		6CC8C087137C02D00076A042 /* Build configuration list for PBXProject "Handwriting" */ = {
			isa = XCConfigurationList;
			buildConfigurations = (
				6CC8C0A6137C02D10076A042 /* Debug */,
				6CC8C0A7137C02D10076A042 /* Release */,
			);
			defaultConfigurationIsVisible = 0;
			defaultConfigurationName = Release;
		};
		6CC8C0A8137C02D10076A042 /* Build configuration list for PBXNativeTarget "Handwriting" */ = {
			isa = XCConfigurationList;
			buildConfigurations = (
				6CC8C0A9137C02D10076A042 /* Debug */,
				6CC8C0AA137C02D10076A042 /* Release */,
			);
			defaultConfigurationIsVisible = 0;
			defaultConfigurationName = Release;
		};
/* End XCConfigurationList section */
	};
	rootObject = 6CC8C084137C02D00076A042 /* Project object */;
}
